
Microsoft Visual Studio Solution File, Format Version 12.00
# Visual Studio Version 17
VisualStudioVersion = 17.0.31903.59
MinimumVisualStudioVersion = 10.0.40219.1
Project("{FAE04EC0-301F-11D3-BF4B-00C04F79EFBC}") = "QT1", "QT1\QT1.csproj", "{E711FD72-BF7F-472A-B9D3-612D21D6AC7E}"
EndProject
Project("{FAE04EC0-301F-11D3-BF4B-00C04F79EFBC}") = "QT2", "QT2\QT2.csproj", "{2C519751-5B29-45A2-8E60-91CA979CA762}"
EndProject
Project("{FAE04EC0-301F-11D3-BF4B-00C04F79EFBC}") = "QT3", "QT3\QT3.csproj", "{FDC5E903-D4D2-4662-8E7D-E68732064FF7}"
EndProject
Project("{FAE04EC0-301F-11D3-BF4B-00C04F79EFBC}") = "QT4", "QT4\QT4.csproj", "{A5FD81C4-0EAF-44E2-B3C5-15B474AA5A44}"
EndProject
Project("{FAE04EC0-301F-11D3-BF4B-00C04F79EFBC}") = "QT5", "QT5\QT5.csproj", "{8C3F548B-6CED-4F29-85F6-992510D02BD3}"
EndProject
Global
	GlobalSection(SolutionConfigurationPlatforms) = preSolution
		Debug|Any CPU = Debug|Any CPU
		Release|Any CPU = Release|Any CPU
	EndGlobalSection
	GlobalSection(SolutionProperties) = preSolution
		HideSolutionNode = FALSE
	EndGlobalSection
	GlobalSection(ProjectConfigurationPlatforms) = postSolution
		{E711FD72-BF7F-472A-B9D3-612D21D6AC7E}.Debug|Any CPU.ActiveCfg = Debug|Any CPU
		{E711FD72-BF7F-472A-B9D3-612D21D6AC7E}.Debug|Any CPU.Build.0 = Debug|Any CPU
		{E711FD72-BF7F-472A-B9D3-612D21D6AC7E}.Release|Any CPU.ActiveCfg = Release|Any CPU
		{E711FD72-BF7F-472A-B9D3-612D21D6AC7E}.Release|Any CPU.Build.0 = Release|Any CPU
		{2C519751-5B29-45A2-8E60-91CA979CA762}.Debug|Any CPU.ActiveCfg = Debug|Any CPU
		{2C519751-5B29-45A2-8E60-91CA979CA762}.Debug|Any CPU.Build.0 = Debug|Any CPU
		{2C519751-5B29-45A2-8E60-91CA979CA762}.Release|Any CPU.ActiveCfg = Release|Any CPU
		{2C519751-5B29-45A2-8E60-91CA979CA762}.Release|Any CPU.Build.0 = Release|Any CPU
		{FDC5E903-D4D2-4662-8E7D-E68732064FF7}.Debug|Any CPU.ActiveCfg = Debug|Any CPU
		{FDC5E903-D4D2-4662-8E7D-E68732064FF7}.Debug|Any CPU.Build.0 = Debug|Any CPU
		{FDC5E903-D4D2-4662-8E7D-E68732064FF7}.Release|Any CPU.ActiveCfg = Release|Any CPU
		{FDC5E903-D4D2-4662-8E7D-E68732064FF7}.Release|Any CPU.Build.0 = Release|Any CPU
		{A5FD81C4-0EAF-44E2-B3C5-15B474AA5A44}.Debug|Any CPU.ActiveCfg = Debug|Any CPU
		{A5FD81C4-0EAF-44E2-B3C5-15B474AA5A44}.Debug|Any CPU.Build.0 = Debug|Any CPU
		{A5FD81C4-0EAF-44E2-B3C5-15B474AA5A44}.Release|Any CPU.ActiveCfg = Release|Any CPU
		{A5FD81C4-0EAF-44E2-B3C5-15B474AA5A44}.Release|Any CPU.Build.0 = Release|Any CPU
		{8C3F548B-6CED-4F29-85F6-992510D02BD3}.Debug|Any CPU.ActiveCfg = Debug|Any CPU
		{8C3F548B-6CED-4F29-85F6-992510D02BD3}.Debug|Any CPU.Build.0 = Debug|Any CPU
		{8C3F548B-6CED-4F29-85F6-992510D02BD3}.Release|Any CPU.ActiveCfg = Release|Any CPU
		{8C3F548B-6CED-4F29-85F6-992510D02BD3}.Release|Any CPU.Build.0 = Release|Any CPU
	EndGlobalSection
EndGlobal
